
Microsoft Visual Studio Solution File, Format Version 12.00
# Visual Studio Version 17
VisualStudioVersion = 17.5.002.0
MinimumVisualStudioVersion = 10.0.40219.1
Project("{9A19103F-16F7-4668-BE54-9A1E7A4F7556}") = "Meta-xi", "Meta-xi.csproj", "{BE821E2B-F4F1-44A0-AFB6-1BB0E9556F4A}"
EndProject
Global
	GlobalSection(SolutionConfigurationPlatforms) = preSolution
		Debug|Any CPU = Debug|Any CPU
		Release|Any CPU = Release|Any CPU
	EndGlobalSection
	GlobalSection(ProjectConfigurationPlatforms) = postSolution
		{BE821E2B-F4F1-44A0-AFB6-1BB0E9556F4A}.Debug|Any CPU.ActiveCfg = Debug|Any CPU
		{BE821E2B-F4F1-44A0-AFB6-1BB0E9556F4A}.Debug|Any CPU.Build.0 = Debug|Any CPU
		{BE821E2B-F4F1-44A0-AFB6-1BB0E9556F4A}.Release|Any CPU.ActiveCfg = Release|Any CPU
		{BE821E2B-F4F1-44A0-AFB6-1BB0E9556F4A}.Release|Any CPU.Build.0 = Release|Any CPU
	EndGlobalSection
	GlobalSection(SolutionProperties) = preSolution
		HideSolutionNode = FALSE
	EndGlobalSection
	GlobalSection(ExtensibilityGlobals) = postSolution
		SolutionGuid = {FCA30FFB-3DC7-436D-81EE-5F107F4BF5BB}
	EndGlobalSection
EndGlobal
